
Microsoft Visual Studio Solution File, Format Version 12.00
# Visual Studio Version 17
VisualStudioVersion = 17.8.34511.84
MinimumVisualStudioVersion = 10.0.40219.1
Project("{FAE04EC0-301F-11D3-BF4B-00C04F79EFBC}") = "Ejemplo2", "Ejemplo2\Ejemplo2.csproj", "{A123D5AB-4103-4B66-8DAF-0C12C0336C52}"
EndProject
Global
	GlobalSection(SolutionConfigurationPlatforms) = preSolution
		Debug|Any CPU = Debug|Any CPU
		Release|Any CPU = Release|Any CPU
	EndGlobalSection
	GlobalSection(ProjectConfigurationPlatforms) = postSolution
		{A123D5AB-4103-4B66-8DAF-0C12C0336C52}.Debug|Any CPU.ActiveCfg = Debug|Any CPU
		{A123D5AB-4103-4B66-8DAF-0C12C0336C52}.Debug|Any CPU.Build.0 = Debug|Any CPU
		{A123D5AB-4103-4B66-8DAF-0C12C0336C52}.Release|Any CPU.ActiveCfg = Release|Any CPU
		{A123D5AB-4103-4B66-8DAF-0C12C0336C52}.Release|Any CPU.Build.0 = Release|Any CPU
	EndGlobalSection
	GlobalSection(SolutionProperties) = preSolution
		HideSolutionNode = FALSE
	EndGlobalSection
	GlobalSection(ExtensibilityGlobals) = postSolution
		SolutionGuid = {272587F4-7646-4FDD-B33C-6C84C08E0BB6}
	EndGlobalSection
EndGlobal
