
Microsoft Visual Studio Solution File, Format Version 12.00
# Visual Studio Version 17
VisualStudioVersion = 17.5.33414.496
MinimumVisualStudioVersion = 10.0.40219.1
Project("{FAE04EC0-301F-11D3-BF4B-00C04F79EFBC}") = "Ejemplo5", "Ejemplo5\Ejemplo5.csproj", "{1178BDFC-FC6F-4A8C-A5E6-A59B79B1919D}"
EndProject
Global
	GlobalSection(SolutionConfigurationPlatforms) = preSolution
		Debug|Any CPU = Debug|Any CPU
		Release|Any CPU = Release|Any CPU
	EndGlobalSection
	GlobalSection(ProjectConfigurationPlatforms) = postSolution
		{1178BDFC-FC6F-4A8C-A5E6-A59B79B1919D}.Debug|Any CPU.ActiveCfg = Debug|Any CPU
		{1178BDFC-FC6F-4A8C-A5E6-A59B79B1919D}.Debug|Any CPU.Build.0 = Debug|Any CPU
		{1178BDFC-FC6F-4A8C-A5E6-A59B79B1919D}.Release|Any CPU.ActiveCfg = Release|Any CPU
		{1178BDFC-FC6F-4A8C-A5E6-A59B79B1919D}.Release|Any CPU.Build.0 = Release|Any CPU
	EndGlobalSection
	GlobalSection(SolutionProperties) = preSolution
		HideSolutionNode = FALSE
	EndGlobalSection
	GlobalSection(ExtensibilityGlobals) = postSolution
		SolutionGuid = {2F9BE4E3-1357-4DAD-83C1-50D24DFFEAF9}
	EndGlobalSection
EndGlobal
