
Microsoft Visual Studio Solution File, Format Version 12.00
# Visual Studio Version 17
VisualStudioVersion = 17.5.33414.496
MinimumVisualStudioVersion = 10.0.40219.1
Project("{FAE04EC0-301F-11D3-BF4B-00C04F79EFBC}") = "Guia2 Ejemplo3 DoWhile", "Guia2 Ejemplo3 DoWhile\Guia2 Ejemplo3 DoWhile.csproj", "{6F37EFA2-398E-407D-B473-A1E119C1C525}"
EndProject
Global
	GlobalSection(SolutionConfigurationPlatforms) = preSolution
		Debug|Any CPU = Debug|Any CPU
		Release|Any CPU = Release|Any CPU
	EndGlobalSection
	GlobalSection(ProjectConfigurationPlatforms) = postSolution
		{6F37EFA2-398E-407D-B473-A1E119C1C525}.Debug|Any CPU.ActiveCfg = Debug|Any CPU
		{6F37EFA2-398E-407D-B473-A1E119C1C525}.Debug|Any CPU.Build.0 = Debug|Any CPU
		{6F37EFA2-398E-407D-B473-A1E119C1C525}.Release|Any CPU.ActiveCfg = Release|Any CPU
		{6F37EFA2-398E-407D-B473-A1E119C1C525}.Release|Any CPU.Build.0 = Release|Any CPU
	EndGlobalSection
	GlobalSection(SolutionProperties) = preSolution
		HideSolutionNode = FALSE
	EndGlobalSection
	GlobalSection(ExtensibilityGlobals) = postSolution
		SolutionGuid = {8F67D3B9-88AB-45E7-965B-123BF0391DE3}
	EndGlobalSection
EndGlobal
