
Microsoft Visual Studio Solution File, Format Version 12.00
# Visual Studio Version 17
VisualStudioVersion = 17.8.34511.84
MinimumVisualStudioVersion = 10.0.40219.1
Project("{FAE04EC0-301F-11D3-BF4B-00C04F79EFBC}") = "guia 3 Ejemplo1", "guia 3 Ejemplo1\guia 3 Ejemplo1.csproj", "{0BBECED8-F12A-4939-A337-1B238E4054C1}"
EndProject
Global
	GlobalSection(SolutionConfigurationPlatforms) = preSolution
		Debug|Any CPU = Debug|Any CPU
		Release|Any CPU = Release|Any CPU
	EndGlobalSection
	GlobalSection(ProjectConfigurationPlatforms) = postSolution
		{0BBECED8-F12A-4939-A337-1B238E4054C1}.Debug|Any CPU.ActiveCfg = Debug|Any CPU
		{0BBECED8-F12A-4939-A337-1B238E4054C1}.Debug|Any CPU.Build.0 = Debug|Any CPU
		{0BBECED8-F12A-4939-A337-1B238E4054C1}.Release|Any CPU.ActiveCfg = Release|Any CPU
		{0BBECED8-F12A-4939-A337-1B238E4054C1}.Release|Any CPU.Build.0 = Release|Any CPU
	EndGlobalSection
	GlobalSection(SolutionProperties) = preSolution
		HideSolutionNode = FALSE
	EndGlobalSection
	GlobalSection(ExtensibilityGlobals) = postSolution
		SolutionGuid = {8917B44E-0E8C-4C8F-933D-79C166F45B77}
	EndGlobalSection
EndGlobal
