
Microsoft Visual Studio Solution File, Format Version 12.00
# Visual Studio Version 17
VisualStudioVersion = 17.5.33414.496
MinimumVisualStudioVersion = 10.0.40219.1
Project("{FAE04EC0-301F-11D3-BF4B-00C04F79EFBC}") = "Guia 2 Ejercicio 2", "Guia 2 Ejercicio 2\Guia 2 Ejercicio 2.csproj", "{4770B3C2-3400-47D1-BB6A-E93DE931000B}"
EndProject
Global
	GlobalSection(SolutionConfigurationPlatforms) = preSolution
		Debug|Any CPU = Debug|Any CPU
		Release|Any CPU = Release|Any CPU
	EndGlobalSection
	GlobalSection(ProjectConfigurationPlatforms) = postSolution
		{4770B3C2-3400-47D1-BB6A-E93DE931000B}.Debug|Any CPU.ActiveCfg = Debug|Any CPU
		{4770B3C2-3400-47D1-BB6A-E93DE931000B}.Debug|Any CPU.Build.0 = Debug|Any CPU
		{4770B3C2-3400-47D1-BB6A-E93DE931000B}.Release|Any CPU.ActiveCfg = Release|Any CPU
		{4770B3C2-3400-47D1-BB6A-E93DE931000B}.Release|Any CPU.Build.0 = Release|Any CPU
	EndGlobalSection
	GlobalSection(SolutionProperties) = preSolution
		HideSolutionNode = FALSE
	EndGlobalSection
	GlobalSection(ExtensibilityGlobals) = postSolution
		SolutionGuid = {467A99FA-485C-46BE-B8FC-8A2279BC4EAB}
	EndGlobalSection
EndGlobal
